
Microsoft Visual Studio Solution File, Format Version 12.00
# Visual Studio Version 17
VisualStudioVersion = 17.0.31903.59
MinimumVisualStudioVersion = 10.0.40219.1
Project("{2150E333-8FDC-42A3-9474-1A3956D46DE8}") = "src", "src", "{2A4349B8-1A2A-4C58-AA59-D2C7A1698759}"
EndProject
Project("{FAE04EC0-301F-11D3-BF4B-00C04F79EFBC}") = "DealFortress.Bootstrapper", "src\Bootstrapper\DealFortress.Bootstrapper.csproj", "{B40C5C00-5B1D-4BB1-8214-43E8F4FA78C5}"
EndProject
Project("{2150E333-8FDC-42A3-9474-1A3956D46DE8}") = "Modules", "Modules", "{B58990E8-66A2-4418-8709-19A168903863}"
EndProject
Project("{2150E333-8FDC-42A3-9474-1A3956D46DE8}") = "Categories", "Categories", "{E653F250-DE4E-4776-B6B7-62CEE16AFFBB}"
EndProject
Project("{FAE04EC0-301F-11D3-BF4B-00C04F79EFBC}") = "DealFortress.Modules.Categories.Api", "src\Modules\Categories\DealFortress.Modules.Categories.Api\DealFortress.Modules.Categories.Api.csproj", "{FDB99E94-A53B-435C-8B40-169AB37AA690}"
EndProject
Project("{FAE04EC0-301F-11D3-BF4B-00C04F79EFBC}") = "DealFortress.Modules.Categories.Core", "src\Modules\Categories\DealFortress.Modules.Categories.Core\DealFortress.Modules.Categories.Core.csproj", "{7CE40FB2-0A53-44D8-A1F8-B71F257CEA8D}"
EndProject
Project("{2150E333-8FDC-42A3-9474-1A3956D46DE8}") = "Shared", "Shared", "{BF6825DB-4985-489A-A191-E84F0B018AB7}"
EndProject
Project("{FAE04EC0-301F-11D3-BF4B-00C04F79EFBC}") = "DealFortress.Shared.Abstractions", "src\Shared\Abstractions\DealFortress.Shared.Abstractions.csproj", "{5A165D31-765B-4779-9482-6068953E6F84}"
EndProject
Global
	GlobalSection(SolutionConfigurationPlatforms) = preSolution
		Debug|Any CPU = Debug|Any CPU
		Release|Any CPU = Release|Any CPU
	EndGlobalSection
	GlobalSection(SolutionProperties) = preSolution
		HideSolutionNode = FALSE
	EndGlobalSection
	GlobalSection(ProjectConfigurationPlatforms) = postSolution
		{B40C5C00-5B1D-4BB1-8214-43E8F4FA78C5}.Debug|Any CPU.ActiveCfg = Debug|Any CPU
		{B40C5C00-5B1D-4BB1-8214-43E8F4FA78C5}.Debug|Any CPU.Build.0 = Debug|Any CPU
		{B40C5C00-5B1D-4BB1-8214-43E8F4FA78C5}.Release|Any CPU.ActiveCfg = Release|Any CPU
		{B40C5C00-5B1D-4BB1-8214-43E8F4FA78C5}.Release|Any CPU.Build.0 = Release|Any CPU
		{FDB99E94-A53B-435C-8B40-169AB37AA690}.Debug|Any CPU.ActiveCfg = Debug|Any CPU
		{FDB99E94-A53B-435C-8B40-169AB37AA690}.Debug|Any CPU.Build.0 = Debug|Any CPU
		{FDB99E94-A53B-435C-8B40-169AB37AA690}.Release|Any CPU.ActiveCfg = Release|Any CPU
		{FDB99E94-A53B-435C-8B40-169AB37AA690}.Release|Any CPU.Build.0 = Release|Any CPU
		{7CE40FB2-0A53-44D8-A1F8-B71F257CEA8D}.Debug|Any CPU.ActiveCfg = Debug|Any CPU
		{7CE40FB2-0A53-44D8-A1F8-B71F257CEA8D}.Debug|Any CPU.Build.0 = Debug|Any CPU
		{7CE40FB2-0A53-44D8-A1F8-B71F257CEA8D}.Release|Any CPU.ActiveCfg = Release|Any CPU
		{7CE40FB2-0A53-44D8-A1F8-B71F257CEA8D}.Release|Any CPU.Build.0 = Release|Any CPU
		{5A165D31-765B-4779-9482-6068953E6F84}.Debug|Any CPU.ActiveCfg = Debug|Any CPU
		{5A165D31-765B-4779-9482-6068953E6F84}.Debug|Any CPU.Build.0 = Debug|Any CPU
		{5A165D31-765B-4779-9482-6068953E6F84}.Release|Any CPU.ActiveCfg = Release|Any CPU
		{5A165D31-765B-4779-9482-6068953E6F84}.Release|Any CPU.Build.0 = Release|Any CPU
	EndGlobalSection
	GlobalSection(NestedProjects) = preSolution
		{B40C5C00-5B1D-4BB1-8214-43E8F4FA78C5} = {2A4349B8-1A2A-4C58-AA59-D2C7A1698759}
		{B58990E8-66A2-4418-8709-19A168903863} = {2A4349B8-1A2A-4C58-AA59-D2C7A1698759}
		{E653F250-DE4E-4776-B6B7-62CEE16AFFBB} = {B58990E8-66A2-4418-8709-19A168903863}
		{FDB99E94-A53B-435C-8B40-169AB37AA690} = {E653F250-DE4E-4776-B6B7-62CEE16AFFBB}
		{7CE40FB2-0A53-44D8-A1F8-B71F257CEA8D} = {E653F250-DE4E-4776-B6B7-62CEE16AFFBB}
		{BF6825DB-4985-489A-A191-E84F0B018AB7} = {2A4349B8-1A2A-4C58-AA59-D2C7A1698759}
		{5A165D31-765B-4779-9482-6068953E6F84} = {BF6825DB-4985-489A-A191-E84F0B018AB7}
	EndGlobalSection
EndGlobal
