
Microsoft Visual Studio Solution File, Format Version 12.00
# Visual Studio Version 17
VisualStudioVersion = 17.0.31903.59
MinimumVisualStudioVersion = 10.0.40219.1
Project("{2150E333-8FDC-42A3-9474-1A3956D46DE8}") = "src", "src", "{80039F3A-82DF-4105-B72F-62248FCF9AE0}"
EndProject
Project("{FAE04EC0-301F-11D3-BF4B-00C04F79EFBC}") = "DealFortress.Bootstrapper", "src\Bootstrapper\DealFortress.Bootstrapper.csproj", "{C65AE11A-6EE9-4C8E-9CC0-5E61CB69F9BA}"
EndProject
Project("{2150E333-8FDC-42A3-9474-1A3956D46DE8}") = "Modules", "Modules", "{0B0C3C96-08CB-40F8-B8A2-4ECB9792D841}"
EndProject
Project("{2150E333-8FDC-42A3-9474-1A3956D46DE8}") = "Categories", "Categories", "{559EC74B-E3E3-488C-B299-C3F3AEF90F46}"
EndProject
Project("{FAE04EC0-301F-11D3-BF4B-00C04F79EFBC}") = "DealFortress.Modules.Categories.Api", "src\Modules\Categories\DealFortress.Modules.Categories.Api\DealFortress.Modules.Categories.Api.csproj", "{F11D8C45-6F6F-4C9A-B29C-20FF157960D1}"
EndProject
Project("{FAE04EC0-301F-11D3-BF4B-00C04F79EFBC}") = "DealFortress.Modules.Categories.Core", "src\Modules\Categories\DealFortress.Modules.Categories.Core\DealFortress.Modules.Categories.Core.csproj", "{8FAA2B62-CDF9-4FB1-B2B9-7E7D6E62F1ED}"
EndProject
Project("{2150E333-8FDC-42A3-9474-1A3956D46DE8}") = "Notices", "Notices", "{CB900889-76AE-479E-90BE-C1228A2EFA88}"
EndProject
Project("{FAE04EC0-301F-11D3-BF4B-00C04F79EFBC}") = "DealFortress.Modules.Notices.Api", "src\Modules\Notices\DealFortress.Modules.Notices.Api\DealFortress.Modules.Notices.Api.csproj", "{1098A671-A167-48F3-BAF7-2DBA47D50FB9}"
EndProject
Project("{FAE04EC0-301F-11D3-BF4B-00C04F79EFBC}") = "DealFortress.Modules.Notices.Core", "src\Modules\Notices\DealFortress.Modules.Notices.Core\DealFortress.Modules.Notices.Core.csproj", "{A4F72C65-F5F0-40E9-BF87-37A137430C76}"
EndProject
Project("{2150E333-8FDC-42A3-9474-1A3956D46DE8}") = "Shared", "Shared", "{9E84B6DA-750D-4364-A3DE-D18B3A967E04}"
EndProject
Project("{FAE04EC0-301F-11D3-BF4B-00C04F79EFBC}") = "DealFortress.Shared.Abstractions", "src\Shared\Abstractions\DealFortress.Shared.Abstractions.csproj", "{120BEC60-055F-415C-A4FE-A9EFD80E539A}"
EndProject
Project("{FAE04EC0-301F-11D3-BF4B-00C04F79EFBC}") = "DealFortress.Modules.Categories.Tests.Integration", "src\Modules\Categories\DealFortress.Modules.Categories.Tests.Integration\DealFortress.Modules.Categories.Tests.Integration.csproj", "{DEDCE6AE-BDD7-4DC5-BA27-97421B73AE8C}"
EndProject
Project("{FAE04EC0-301F-11D3-BF4B-00C04F79EFBC}") = "DealFortress.Modules.Categories.Tests.Unit", "src\Modules\Categories\DealFortress.Modules.Categories.Tests.Unit\DealFortress.Modules.Categories.Tests.Unit.csproj", "{45FADD69-F52A-4782-8AF5-00942001FF5D}"
EndProject
Project("{FAE04EC0-301F-11D3-BF4B-00C04F79EFBC}") = "DealFortress.Modules.Notices.Tests.Unit", "src\Modules\Notices\DealFortress.Modules.Notices.Tests.Unit\DealFortress.Modules.Notices.Tests.Unit.csproj", "{6F85C3D3-B1CC-4044-BBD5-F26FA2194235}"
EndProject
Project("{FAE04EC0-301F-11D3-BF4B-00C04F79EFBC}") = "DealFortress.Modules.Notices.Tests.Integration", "src\Modules\Notices\DealFortress.Modules.Notices.Tests.Integration\DealFortress.Modules.Notices.Tests.Integration.csproj", "{11D2CDC8-BBAF-4614-BE92-B83D251FE8B1}"
EndProject
Global
	GlobalSection(SolutionConfigurationPlatforms) = preSolution
		Debug|Any CPU = Debug|Any CPU
		Release|Any CPU = Release|Any CPU
	EndGlobalSection
	GlobalSection(SolutionProperties) = preSolution
		HideSolutionNode = FALSE
	EndGlobalSection
	GlobalSection(ProjectConfigurationPlatforms) = postSolution
		{C65AE11A-6EE9-4C8E-9CC0-5E61CB69F9BA}.Debug|Any CPU.ActiveCfg = Debug|Any CPU
		{C65AE11A-6EE9-4C8E-9CC0-5E61CB69F9BA}.Debug|Any CPU.Build.0 = Debug|Any CPU
		{C65AE11A-6EE9-4C8E-9CC0-5E61CB69F9BA}.Release|Any CPU.ActiveCfg = Release|Any CPU
		{C65AE11A-6EE9-4C8E-9CC0-5E61CB69F9BA}.Release|Any CPU.Build.0 = Release|Any CPU
		{F11D8C45-6F6F-4C9A-B29C-20FF157960D1}.Debug|Any CPU.ActiveCfg = Debug|Any CPU
		{F11D8C45-6F6F-4C9A-B29C-20FF157960D1}.Debug|Any CPU.Build.0 = Debug|Any CPU
		{F11D8C45-6F6F-4C9A-B29C-20FF157960D1}.Release|Any CPU.ActiveCfg = Release|Any CPU
		{F11D8C45-6F6F-4C9A-B29C-20FF157960D1}.Release|Any CPU.Build.0 = Release|Any CPU
		{8FAA2B62-CDF9-4FB1-B2B9-7E7D6E62F1ED}.Debug|Any CPU.ActiveCfg = Debug|Any CPU
		{8FAA2B62-CDF9-4FB1-B2B9-7E7D6E62F1ED}.Debug|Any CPU.Build.0 = Debug|Any CPU
		{8FAA2B62-CDF9-4FB1-B2B9-7E7D6E62F1ED}.Release|Any CPU.ActiveCfg = Release|Any CPU
		{8FAA2B62-CDF9-4FB1-B2B9-7E7D6E62F1ED}.Release|Any CPU.Build.0 = Release|Any CPU
		{1098A671-A167-48F3-BAF7-2DBA47D50FB9}.Debug|Any CPU.ActiveCfg = Debug|Any CPU
		{1098A671-A167-48F3-BAF7-2DBA47D50FB9}.Debug|Any CPU.Build.0 = Debug|Any CPU
		{1098A671-A167-48F3-BAF7-2DBA47D50FB9}.Release|Any CPU.ActiveCfg = Release|Any CPU
		{1098A671-A167-48F3-BAF7-2DBA47D50FB9}.Release|Any CPU.Build.0 = Release|Any CPU
		{A4F72C65-F5F0-40E9-BF87-37A137430C76}.Debug|Any CPU.ActiveCfg = Debug|Any CPU
		{A4F72C65-F5F0-40E9-BF87-37A137430C76}.Debug|Any CPU.Build.0 = Debug|Any CPU
		{A4F72C65-F5F0-40E9-BF87-37A137430C76}.Release|Any CPU.ActiveCfg = Release|Any CPU
		{A4F72C65-F5F0-40E9-BF87-37A137430C76}.Release|Any CPU.Build.0 = Release|Any CPU
		{120BEC60-055F-415C-A4FE-A9EFD80E539A}.Debug|Any CPU.ActiveCfg = Debug|Any CPU
		{120BEC60-055F-415C-A4FE-A9EFD80E539A}.Debug|Any CPU.Build.0 = Debug|Any CPU
		{120BEC60-055F-415C-A4FE-A9EFD80E539A}.Release|Any CPU.ActiveCfg = Release|Any CPU
		{120BEC60-055F-415C-A4FE-A9EFD80E539A}.Release|Any CPU.Build.0 = Release|Any CPU
		{DEDCE6AE-BDD7-4DC5-BA27-97421B73AE8C}.Debug|Any CPU.ActiveCfg = Debug|Any CPU
		{DEDCE6AE-BDD7-4DC5-BA27-97421B73AE8C}.Debug|Any CPU.Build.0 = Debug|Any CPU
		{DEDCE6AE-BDD7-4DC5-BA27-97421B73AE8C}.Release|Any CPU.ActiveCfg = Release|Any CPU
		{DEDCE6AE-BDD7-4DC5-BA27-97421B73AE8C}.Release|Any CPU.Build.0 = Release|Any CPU
		{45FADD69-F52A-4782-8AF5-00942001FF5D}.Debug|Any CPU.ActiveCfg = Debug|Any CPU
		{45FADD69-F52A-4782-8AF5-00942001FF5D}.Debug|Any CPU.Build.0 = Debug|Any CPU
		{45FADD69-F52A-4782-8AF5-00942001FF5D}.Release|Any CPU.ActiveCfg = Release|Any CPU
		{45FADD69-F52A-4782-8AF5-00942001FF5D}.Release|Any CPU.Build.0 = Release|Any CPU
		{6F85C3D3-B1CC-4044-BBD5-F26FA2194235}.Debug|Any CPU.ActiveCfg = Debug|Any CPU
		{6F85C3D3-B1CC-4044-BBD5-F26FA2194235}.Debug|Any CPU.Build.0 = Debug|Any CPU
		{6F85C3D3-B1CC-4044-BBD5-F26FA2194235}.Release|Any CPU.ActiveCfg = Release|Any CPU
		{6F85C3D3-B1CC-4044-BBD5-F26FA2194235}.Release|Any CPU.Build.0 = Release|Any CPU
		{11D2CDC8-BBAF-4614-BE92-B83D251FE8B1}.Debug|Any CPU.ActiveCfg = Debug|Any CPU
		{11D2CDC8-BBAF-4614-BE92-B83D251FE8B1}.Debug|Any CPU.Build.0 = Debug|Any CPU
		{11D2CDC8-BBAF-4614-BE92-B83D251FE8B1}.Release|Any CPU.ActiveCfg = Release|Any CPU
		{11D2CDC8-BBAF-4614-BE92-B83D251FE8B1}.Release|Any CPU.Build.0 = Release|Any CPU
	EndGlobalSection
	GlobalSection(NestedProjects) = preSolution
		{C65AE11A-6EE9-4C8E-9CC0-5E61CB69F9BA} = {80039F3A-82DF-4105-B72F-62248FCF9AE0}
		{0B0C3C96-08CB-40F8-B8A2-4ECB9792D841} = {80039F3A-82DF-4105-B72F-62248FCF9AE0}
		{559EC74B-E3E3-488C-B299-C3F3AEF90F46} = {0B0C3C96-08CB-40F8-B8A2-4ECB9792D841}
		{F11D8C45-6F6F-4C9A-B29C-20FF157960D1} = {559EC74B-E3E3-488C-B299-C3F3AEF90F46}
		{8FAA2B62-CDF9-4FB1-B2B9-7E7D6E62F1ED} = {559EC74B-E3E3-488C-B299-C3F3AEF90F46}
		{CB900889-76AE-479E-90BE-C1228A2EFA88} = {0B0C3C96-08CB-40F8-B8A2-4ECB9792D841}
		{1098A671-A167-48F3-BAF7-2DBA47D50FB9} = {CB900889-76AE-479E-90BE-C1228A2EFA88}
		{A4F72C65-F5F0-40E9-BF87-37A137430C76} = {CB900889-76AE-479E-90BE-C1228A2EFA88}
		{9E84B6DA-750D-4364-A3DE-D18B3A967E04} = {80039F3A-82DF-4105-B72F-62248FCF9AE0}
		{120BEC60-055F-415C-A4FE-A9EFD80E539A} = {9E84B6DA-750D-4364-A3DE-D18B3A967E04}
		{DEDCE6AE-BDD7-4DC5-BA27-97421B73AE8C} = {559EC74B-E3E3-488C-B299-C3F3AEF90F46}
		{45FADD69-F52A-4782-8AF5-00942001FF5D} = {559EC74B-E3E3-488C-B299-C3F3AEF90F46}
		{6F85C3D3-B1CC-4044-BBD5-F26FA2194235} = {CB900889-76AE-479E-90BE-C1228A2EFA88}
		{11D2CDC8-BBAF-4614-BE92-B83D251FE8B1} = {CB900889-76AE-479E-90BE-C1228A2EFA88}
	EndGlobalSection
EndGlobal
